lockfileVersion: '6.1'

settings:
  autoInstallPeers: true
  excludeLinksFromLockfile: false

dependencies:
  bootstrap:
    specifier: ^5.3.0
    version: 5.3.0(@popperjs/core@2.11.8)

devDependencies:
  '@faker-js/faker':
    specifier: github:faker-js/faker
    version: github.com/faker-js/faker/27a8ff7113895c5e5ee52235db364e0d87fe8a0e

packages:

  /@popperjs/core@2.11.8:
    resolution: {integrity: sha512-P1st0aksCrn9sGZhp8GMYwBnQsbvAWsZAX44oXNNvLHGqAOcoVxmjZiohstwQ7SqKnbR47akdNi+uleWD8+g6A==}
    dev: false

  /bootstrap@5.3.0(@popperjs/core@2.11.8):
    resolution: {integrity: sha512-UnBV3E3v4STVNQdms6jSGO2CvOkjUMdDAVR2V5N4uCMdaIkaQjbcEAMqRimDHIs4uqBYzDAKCQwCB+97tJgHQw==}
    peerDependencies:
      '@popperjs/core': ^2.11.7
    dependencies:
      '@popperjs/core': 2.11.8
    dev: false

  github.com/faker-js/faker/27a8ff7113895c5e5ee52235db364e0d87fe8a0e:
    resolution: {tarball: https://codeload.github.com/faker-js/faker/tar.gz/27a8ff7113895c5e5ee52235db364e0d87fe8a0e}
    name: '@faker-js/faker'
    version: 8.0.2
    engines: {node: ^14.17.0 || ^16.13.0 || >=18.0.0, npm: '>=6.14.13'}
    dev: true
